
Microsoft Visual Studio Solution File, Format Version 12.00
# Visual Studio Version 16
VisualStudioVersion = 16.0.31613.86
MinimumVisualStudioVersion = 10.0.40219.1
Project("{9A19103F-16F7-4668-BE54-9A1E7A4F7556}") = "NextailKata", "src\NextailKata\NextailKata.csproj", "{7C33738A-3270-486B-9C1E-A8D9C2478693}"
EndProject
Project("{2150E333-8FDC-42A3-9474-1A3956D46DE8}") = "src", "src", "{BAC2B7A7-8A09-42D0-94E3-405AF7528222}"
EndProject
Project("{2150E333-8FDC-42A3-9474-1A3956D46DE8}") = "tests", "tests", "{B5980D6B-8C6F-4A6D-AC47-EA02CB5668AB}"
EndProject
Project("{9A19103F-16F7-4668-BE54-9A1E7A4F7556}") = "NextailKata.Tests", "tests\NextailKata.Tests\NextailKata.Tests.csproj", "{7E9FB12A-F1FD-489C-9C6D-4538BCF2DC23}"
EndProject
Project("{2150E333-8FDC-42A3-9474-1A3956D46DE8}") = "Solution Items", "Solution Items", "{83B90EE5-0231-4470-BD85-76040D653C26}"
	ProjectSection(SolutionItems) = preProject
		.gitignore = .gitignore
		Backend Exercise.pdf = Backend Exercise.pdf
		README.md = README.md
	EndProjectSection
EndProject
Global
	GlobalSection(SolutionConfigurationPlatforms) = preSolution
		Debug|Any CPU = Debug|Any CPU
		Release|Any CPU = Release|Any CPU
	EndGlobalSection
	GlobalSection(ProjectConfigurationPlatforms) = postSolution
		{7C33738A-3270-486B-9C1E-A8D9C2478693}.Debug|Any CPU.ActiveCfg = Debug|Any CPU
		{7C33738A-3270-486B-9C1E-A8D9C2478693}.Debug|Any CPU.Build.0 = Debug|Any CPU
		{7C33738A-3270-486B-9C1E-A8D9C2478693}.Release|Any CPU.ActiveCfg = Release|Any CPU
		{7C33738A-3270-486B-9C1E-A8D9C2478693}.Release|Any CPU.Build.0 = Release|Any CPU
		{7E9FB12A-F1FD-489C-9C6D-4538BCF2DC23}.Debug|Any CPU.ActiveCfg = Debug|Any CPU
		{7E9FB12A-F1FD-489C-9C6D-4538BCF2DC23}.Debug|Any CPU.Build.0 = Debug|Any CPU
		{7E9FB12A-F1FD-489C-9C6D-4538BCF2DC23}.Release|Any CPU.ActiveCfg = Release|Any CPU
		{7E9FB12A-F1FD-489C-9C6D-4538BCF2DC23}.Release|Any CPU.Build.0 = Release|Any CPU
	EndGlobalSection
	GlobalSection(SolutionProperties) = preSolution
		HideSolutionNode = FALSE
	EndGlobalSection
	GlobalSection(NestedProjects) = preSolution
		{7C33738A-3270-486B-9C1E-A8D9C2478693} = {BAC2B7A7-8A09-42D0-94E3-405AF7528222}
		{7E9FB12A-F1FD-489C-9C6D-4538BCF2DC23} = {B5980D6B-8C6F-4A6D-AC47-EA02CB5668AB}
	EndGlobalSection
	GlobalSection(ExtensibilityGlobals) = postSolution
		SolutionGuid = {920E6E31-23E8-4FD9-9879-EDA57DE1BE20}
	EndGlobalSection
EndGlobal
